# This file is autogenerated, do not edit; changes may be undone by the next 'dep ensure'.


[[projects]]
  digest = "1:d3ffbc45dfe6929a4ba313464c2d761d96325d306eda29512da56c034db2a4dd"
  name = "github.com/sony/gobreaker"
  packages = ["."]
  pruneopts = "UT"
  revision = "b2a34562d02c4d5fd6645399c69e00141fb24e5a"
  version = "0.4.0"

[solve-meta]
  analyzer-name = "dep"
  analyzer-version = 1
  input-imports = ["github.com/sony/gobreaker"]
  solver-name = "gps-cdcl"
  solver-version = 1
